
Microsoft Visual Studio Solution File, Format Version 12.00
# Visual Studio Version 16
VisualStudioVersion = 16.0.31729.503
MinimumVisualStudioVersion = 10.0.40219.1
Project("{FAE04EC0-301F-11D3-BF4B-00C04F79EFBC}") = "prac2.1(wf)", "prac2.1(wf)\prac2.1(wf).csproj", "{22705341-74DE-4FF4-BAB0-56B0F8F198CA}"
EndProject
Global
	GlobalSection(SolutionConfigurationPlatforms) = preSolution
		Debug|Any CPU = Debug|Any CPU
		Release|Any CPU = Release|Any CPU
	EndGlobalSection
	GlobalSection(ProjectConfigurationPlatforms) = postSolution
		{22705341-74DE-4FF4-BAB0-56B0F8F198CA}.Debug|Any CPU.ActiveCfg = Debug|Any CPU
		{22705341-74DE-4FF4-BAB0-56B0F8F198CA}.Debug|Any CPU.Build.0 = Debug|Any CPU
		{22705341-74DE-4FF4-BAB0-56B0F8F198CA}.Release|Any CPU.ActiveCfg = Release|Any CPU
		{22705341-74DE-4FF4-BAB0-56B0F8F198CA}.Release|Any CPU.Build.0 = Release|Any CPU
	EndGlobalSection
	GlobalSection(SolutionProperties) = preSolution
		HideSolutionNode = FALSE
	EndGlobalSection
	GlobalSection(ExtensibilityGlobals) = postSolution
		SolutionGuid = {97FC2D59-FE3B-49DA-BC5E-4C88EA3B8201}
	EndGlobalSection
EndGlobal
